
Microsoft Visual Studio Solution File, Format Version 12.00
# Visual Studio Version 17
VisualStudioVersion = 17.4.33213.308
MinimumVisualStudioVersion = 10.0.40219.1
Project("{9A19103F-16F7-4668-BE54-9A1E7A4F7556}") = "Middleware", "Middleware\Middleware.csproj", "{C1D8082C-0F47-4C0D-BCE6-78FA7BAB51F2}"
EndProject
Project("{9A19103F-16F7-4668-BE54-9A1E7A4F7556}") = "IdentityAPI", "IdentityAPI\IdentityAPI.csproj", "{217AF985-39C3-4159-8D19-00253F05089E}"
EndProject
Project("{9A19103F-16F7-4668-BE54-9A1E7A4F7556}") = "VideoCatalogueAPI", "VideoCatalogueAPI\VideoCatalogueAPI.csproj", "{C1652B99-BCB4-4731-92CC-2A0A41ECE507}"
EndProject
Project("{9A19103F-16F7-4668-BE54-9A1E7A4F7556}") = "OrderAPI", "OrderAPI\OrderAPI.csproj", "{344191AD-346D-484A-A4FE-D8F99D299A3E}"
EndProject
Project("{9A19103F-16F7-4668-BE54-9A1E7A4F7556}") = "PaymentAPI", "PaymentAPI\PaymentAPI.csproj", "{263E882E-9D48-44BF-83A7-940A9FC0C8AB}"
EndProject
Project("{9A19103F-16F7-4668-BE54-9A1E7A4F7556}") = "WatchlistAPI", "WatchlistAPI\WatchlistAPI.csproj", "{D820BC95-9BE8-4407-A8A1-86F20D0CF766}"
EndProject
Project("{9A19103F-16F7-4668-BE54-9A1E7A4F7556}") = "GatewayAPI", "GatewayAPI\GatewayAPI.csproj", "{E656F0CE-B958-4797-9BAA-9C4AC7B3E0AE}"
EndProject
Project("{9A19103F-16F7-4668-BE54-9A1E7A4F7556}") = "WebApp", "WebApp\WebApp.csproj", "{C6645F6D-2D0F-4060-AC60-36012AED55F7}"
EndProject
Global
	GlobalSection(SolutionConfigurationPlatforms) = preSolution
		Debug|Any CPU = Debug|Any CPU
		Release|Any CPU = Release|Any CPU
	EndGlobalSection
	GlobalSection(ProjectConfigurationPlatforms) = postSolution
		{C1D8082C-0F47-4C0D-BCE6-78FA7BAB51F2}.Debug|Any CPU.ActiveCfg = Debug|Any CPU
		{C1D8082C-0F47-4C0D-BCE6-78FA7BAB51F2}.Debug|Any CPU.Build.0 = Debug|Any CPU
		{C1D8082C-0F47-4C0D-BCE6-78FA7BAB51F2}.Release|Any CPU.ActiveCfg = Release|Any CPU
		{C1D8082C-0F47-4C0D-BCE6-78FA7BAB51F2}.Release|Any CPU.Build.0 = Release|Any CPU
		{217AF985-39C3-4159-8D19-00253F05089E}.Debug|Any CPU.ActiveCfg = Debug|Any CPU
		{217AF985-39C3-4159-8D19-00253F05089E}.Debug|Any CPU.Build.0 = Debug|Any CPU
		{217AF985-39C3-4159-8D19-00253F05089E}.Release|Any CPU.ActiveCfg = Release|Any CPU
		{217AF985-39C3-4159-8D19-00253F05089E}.Release|Any CPU.Build.0 = Release|Any CPU
		{C1652B99-BCB4-4731-92CC-2A0A41ECE507}.Debug|Any CPU.ActiveCfg = Debug|Any CPU
		{C1652B99-BCB4-4731-92CC-2A0A41ECE507}.Debug|Any CPU.Build.0 = Debug|Any CPU
		{C1652B99-BCB4-4731-92CC-2A0A41ECE507}.Release|Any CPU.ActiveCfg = Release|Any CPU
		{C1652B99-BCB4-4731-92CC-2A0A41ECE507}.Release|Any CPU.Build.0 = Release|Any CPU
		{344191AD-346D-484A-A4FE-D8F99D299A3E}.Debug|Any CPU.ActiveCfg = Debug|Any CPU
		{344191AD-346D-484A-A4FE-D8F99D299A3E}.Debug|Any CPU.Build.0 = Debug|Any CPU
		{344191AD-346D-484A-A4FE-D8F99D299A3E}.Release|Any CPU.ActiveCfg = Release|Any CPU
		{344191AD-346D-484A-A4FE-D8F99D299A3E}.Release|Any CPU.Build.0 = Release|Any CPU
		{263E882E-9D48-44BF-83A7-940A9FC0C8AB}.Debug|Any CPU.ActiveCfg = Debug|Any CPU
		{263E882E-9D48-44BF-83A7-940A9FC0C8AB}.Debug|Any CPU.Build.0 = Debug|Any CPU
		{263E882E-9D48-44BF-83A7-940A9FC0C8AB}.Release|Any CPU.ActiveCfg = Release|Any CPU
		{263E882E-9D48-44BF-83A7-940A9FC0C8AB}.Release|Any CPU.Build.0 = Release|Any CPU
		{D820BC95-9BE8-4407-A8A1-86F20D0CF766}.Debug|Any CPU.ActiveCfg = Debug|Any CPU
		{D820BC95-9BE8-4407-A8A1-86F20D0CF766}.Debug|Any CPU.Build.0 = Debug|Any CPU
		{D820BC95-9BE8-4407-A8A1-86F20D0CF766}.Release|Any CPU.ActiveCfg = Release|Any CPU
		{D820BC95-9BE8-4407-A8A1-86F20D0CF766}.Release|Any CPU.Build.0 = Release|Any CPU
		{E656F0CE-B958-4797-9BAA-9C4AC7B3E0AE}.Debug|Any CPU.ActiveCfg = Debug|Any CPU
		{E656F0CE-B958-4797-9BAA-9C4AC7B3E0AE}.Debug|Any CPU.Build.0 = Debug|Any CPU
		{E656F0CE-B958-4797-9BAA-9C4AC7B3E0AE}.Release|Any CPU.ActiveCfg = Release|Any CPU
		{E656F0CE-B958-4797-9BAA-9C4AC7B3E0AE}.Release|Any CPU.Build.0 = Release|Any CPU
		{C6645F6D-2D0F-4060-AC60-36012AED55F7}.Debug|Any CPU.ActiveCfg = Debug|Any CPU
		{C6645F6D-2D0F-4060-AC60-36012AED55F7}.Debug|Any CPU.Build.0 = Debug|Any CPU
		{C6645F6D-2D0F-4060-AC60-36012AED55F7}.Release|Any CPU.ActiveCfg = Release|Any CPU
		{C6645F6D-2D0F-4060-AC60-36012AED55F7}.Release|Any CPU.Build.0 = Release|Any CPU
	EndGlobalSection
	GlobalSection(SolutionProperties) = preSolution
		HideSolutionNode = FALSE
	EndGlobalSection
	GlobalSection(ExtensibilityGlobals) = postSolution
		SolutionGuid = {3A5560FF-C590-4943-BE95-98B69371F5FB}
	EndGlobalSection
EndGlobal
