
Microsoft Visual Studio Solution File, Format Version 12.00
# Visual Studio Version 17
VisualStudioVersion = 17.4.33213.308
MinimumVisualStudioVersion = 10.0.40219.1
Project("{9A19103F-16F7-4668-BE54-9A1E7A4F7556}") = "Middleware", "Middleware\Middleware.csproj", "{C1D8082C-0F47-4C0D-BCE6-78FA7BAB51F2}"
EndProject
Project("{9A19103F-16F7-4668-BE54-9A1E7A4F7556}") = "IdentityAPI", "IdentityAPI\IdentityAPI.csproj", "{217AF985-39C3-4159-8D19-00253F05089E}"
EndProject
Project("{FAE04EC0-301F-11D3-BF4B-00C04F79EFBC}") = "VideoCatalogueAPI", "VideoCatalogueAPI\VideoCatalogueAPI.csproj", "{C1652B99-BCB4-4731-92CC-2A0A41ECE507}"
EndProject
Global
	GlobalSection(SolutionConfigurationPlatforms) = preSolution
		Debug|Any CPU = Debug|Any CPU
		Release|Any CPU = Release|Any CPU
	EndGlobalSection
	GlobalSection(ProjectConfigurationPlatforms) = postSolution
		{C1D8082C-0F47-4C0D-BCE6-78FA7BAB51F2}.Debug|Any CPU.ActiveCfg = Debug|Any CPU
		{C1D8082C-0F47-4C0D-BCE6-78FA7BAB51F2}.Debug|Any CPU.Build.0 = Debug|Any CPU
		{C1D8082C-0F47-4C0D-BCE6-78FA7BAB51F2}.Release|Any CPU.ActiveCfg = Release|Any CPU
		{C1D8082C-0F47-4C0D-BCE6-78FA7BAB51F2}.Release|Any CPU.Build.0 = Release|Any CPU
		{217AF985-39C3-4159-8D19-00253F05089E}.Debug|Any CPU.ActiveCfg = Debug|Any CPU
		{217AF985-39C3-4159-8D19-00253F05089E}.Debug|Any CPU.Build.0 = Debug|Any CPU
		{217AF985-39C3-4159-8D19-00253F05089E}.Release|Any CPU.ActiveCfg = Release|Any CPU
		{217AF985-39C3-4159-8D19-00253F05089E}.Release|Any CPU.Build.0 = Release|Any CPU
		{C1652B99-BCB4-4731-92CC-2A0A41ECE507}.Debug|Any CPU.ActiveCfg = Debug|Any CPU
		{C1652B99-BCB4-4731-92CC-2A0A41ECE507}.Debug|Any CPU.Build.0 = Debug|Any CPU
		{C1652B99-BCB4-4731-92CC-2A0A41ECE507}.Release|Any CPU.ActiveCfg = Release|Any CPU
		{C1652B99-BCB4-4731-92CC-2A0A41ECE507}.Release|Any CPU.Build.0 = Release|Any CPU
	EndGlobalSection
	GlobalSection(SolutionProperties) = preSolution
		HideSolutionNode = FALSE
	EndGlobalSection
	GlobalSection(ExtensibilityGlobals) = postSolution
		SolutionGuid = {3A5560FF-C590-4943-BE95-98B69371F5FB}
	EndGlobalSection
EndGlobal
